
Microsoft Visual Studio Solution File, Format Version 12.00
# Visual Studio Version 16
VisualStudioVersion = 16.0.31424.327
MinimumVisualStudioVersion = 10.0.40219.1
Project("{FAE04EC0-301F-11D3-BF4B-00C04F79EFBC}") = "FlightPlanner.Web3", "FlightPlanner.Web3.csproj", "{B1DC1064-6E3E-4AB1-897D-C68E7ACDDBFD}"
EndProject
Project("{FAE04EC0-301F-11D3-BF4B-00C04F79EFBC}") = "FlightPlanner.Core", "..\FlightPlanner.Core\FlightPlanner.Core.csproj", "{27095791-AF78-4794-B6BF-F8F288D207A6}"
EndProject
Project("{FAE04EC0-301F-11D3-BF4B-00C04F79EFBC}") = "FlightPlanner.Data", "..\FlightPlanner.Data\FlightPlanner.Data.csproj", "{2DF36878-0B4B-4FF6-BB38-0011FEA49C94}"
EndProject
Project("{FAE04EC0-301F-11D3-BF4B-00C04F79EFBC}") = "Flight.Planner.Services", "..\Flight.Planner.Services\Flight.Planner.Services.csproj", "{845D3715-3169-48D4-92E7-DE1FAE809F5F}"
EndProject
Global
	GlobalSection(SolutionConfigurationPlatforms) = preSolution
		Debug|Any CPU = Debug|Any CPU
		Release|Any CPU = Release|Any CPU
	EndGlobalSection
	GlobalSection(ProjectConfigurationPlatforms) = postSolution
		{B1DC1064-6E3E-4AB1-897D-C68E7ACDDBFD}.Debug|Any CPU.ActiveCfg = Debug|Any CPU
		{B1DC1064-6E3E-4AB1-897D-C68E7ACDDBFD}.Debug|Any CPU.Build.0 = Debug|Any CPU
		{B1DC1064-6E3E-4AB1-897D-C68E7ACDDBFD}.Release|Any CPU.ActiveCfg = Release|Any CPU
		{B1DC1064-6E3E-4AB1-897D-C68E7ACDDBFD}.Release|Any CPU.Build.0 = Release|Any CPU
		{27095791-AF78-4794-B6BF-F8F288D207A6}.Debug|Any CPU.ActiveCfg = Debug|Any CPU
		{27095791-AF78-4794-B6BF-F8F288D207A6}.Debug|Any CPU.Build.0 = Debug|Any CPU
		{27095791-AF78-4794-B6BF-F8F288D207A6}.Release|Any CPU.ActiveCfg = Release|Any CPU
		{27095791-AF78-4794-B6BF-F8F288D207A6}.Release|Any CPU.Build.0 = Release|Any CPU
		{2DF36878-0B4B-4FF6-BB38-0011FEA49C94}.Debug|Any CPU.ActiveCfg = Debug|Any CPU
		{2DF36878-0B4B-4FF6-BB38-0011FEA49C94}.Debug|Any CPU.Build.0 = Debug|Any CPU
		{2DF36878-0B4B-4FF6-BB38-0011FEA49C94}.Release|Any CPU.ActiveCfg = Release|Any CPU
		{2DF36878-0B4B-4FF6-BB38-0011FEA49C94}.Release|Any CPU.Build.0 = Release|Any CPU
		{845D3715-3169-48D4-92E7-DE1FAE809F5F}.Debug|Any CPU.ActiveCfg = Debug|Any CPU
		{845D3715-3169-48D4-92E7-DE1FAE809F5F}.Debug|Any CPU.Build.0 = Debug|Any CPU
		{845D3715-3169-48D4-92E7-DE1FAE809F5F}.Release|Any CPU.ActiveCfg = Release|Any CPU
		{845D3715-3169-48D4-92E7-DE1FAE809F5F}.Release|Any CPU.Build.0 = Release|Any CPU
	EndGlobalSection
	GlobalSection(SolutionProperties) = preSolution
		HideSolutionNode = FALSE
	EndGlobalSection
	GlobalSection(ExtensibilityGlobals) = postSolution
		SolutionGuid = {E9467961-9128-47C1-99AA-FB18B8E381B7}
	EndGlobalSection
EndGlobal
